
Microsoft Visual Studio Solution File, Format Version 12.00
# Visual Studio Version 16
VisualStudioVersion = 16.0.31424.327
MinimumVisualStudioVersion = 10.0.40219.1
Project("{FAE04EC0-301F-11D3-BF4B-00C04F79EFBC}") = "KomodoCafeRepo", "KomodoCafeRepo\KomodoCafeRepo.csproj", "{672E04EE-22EB-47D5-B3DF-80F069913301}"
EndProject
Project("{FAE04EC0-301F-11D3-BF4B-00C04F79EFBC}") = "KomodoCafeConsole", "KomodoCafeConsole\KomodoCafeConsole.csproj", "{430DA63A-C66D-4D2F-82F8-EB29D959012A}"
EndProject
Project("{FAE04EC0-301F-11D3-BF4B-00C04F79EFBC}") = "KomodoCafe_Tests", "KomodoCafe_Tests\KomodoCafe_Tests.csproj", "{AC9B9DFA-AA51-444D-893A-D05C8AEBCC68}"
EndProject
Project("{FAE04EC0-301F-11D3-BF4B-00C04F79EFBC}") = "KomodoClaims_Console", "KomodoClaims_Console\KomodoClaims_Console.csproj", "{39DA52B2-3B12-4BE8-B4E2-D00A87570DD1}"
EndProject
Project("{FAE04EC0-301F-11D3-BF4B-00C04F79EFBC}") = "KomodoClaims_Repo", "KomodoClaims_Repo\KomodoClaims_Repo.csproj", "{599697D3-8511-436A-8227-AF8965842FB6}"
EndProject
Project("{FAE04EC0-301F-11D3-BF4B-00C04F79EFBC}") = "KomodoClaims_Tests", "KomodoClaims_Tests\KomodoClaims_Tests.csproj", "{90C08B50-6715-4F9B-87B0-93A6722A94AB}"
EndProject
Project("{FAE04EC0-301F-11D3-BF4B-00C04F79EFBC}") = "KomodoBadges_Console", "KomodoBadges_Console\KomodoBadges_Console.csproj", "{FFD39EAF-7656-40DC-B121-F8B4FFA38E38}"
EndProject
Project("{FAE04EC0-301F-11D3-BF4B-00C04F79EFBC}") = "KomodoBadges_Repo", "KomodoBadges_Repo\KomodoBadges_Repo.csproj", "{6E36555D-AF68-48F7-9121-4BAF8F1B2A68}"
EndProject
Project("{FAE04EC0-301F-11D3-BF4B-00C04F79EFBC}") = "KomodoBadges_Tests", "KomodoBadges_Tests\KomodoBadges_Tests.csproj", "{80FA032E-F7DB-4048-82EA-FBFA98E730DB}"
EndProject
Global
	GlobalSection(SolutionConfigurationPlatforms) = preSolution
		Debug|Any CPU = Debug|Any CPU
		Release|Any CPU = Release|Any CPU
	EndGlobalSection
	GlobalSection(ProjectConfigurationPlatforms) = postSolution
		{672E04EE-22EB-47D5-B3DF-80F069913301}.Debug|Any CPU.ActiveCfg = Debug|Any CPU
		{672E04EE-22EB-47D5-B3DF-80F069913301}.Debug|Any CPU.Build.0 = Debug|Any CPU
		{672E04EE-22EB-47D5-B3DF-80F069913301}.Release|Any CPU.ActiveCfg = Release|Any CPU
		{672E04EE-22EB-47D5-B3DF-80F069913301}.Release|Any CPU.Build.0 = Release|Any CPU
		{430DA63A-C66D-4D2F-82F8-EB29D959012A}.Debug|Any CPU.ActiveCfg = Debug|Any CPU
		{430DA63A-C66D-4D2F-82F8-EB29D959012A}.Debug|Any CPU.Build.0 = Debug|Any CPU
		{430DA63A-C66D-4D2F-82F8-EB29D959012A}.Release|Any CPU.ActiveCfg = Release|Any CPU
		{430DA63A-C66D-4D2F-82F8-EB29D959012A}.Release|Any CPU.Build.0 = Release|Any CPU
		{AC9B9DFA-AA51-444D-893A-D05C8AEBCC68}.Debug|Any CPU.ActiveCfg = Debug|Any CPU
		{AC9B9DFA-AA51-444D-893A-D05C8AEBCC68}.Debug|Any CPU.Build.0 = Debug|Any CPU
		{AC9B9DFA-AA51-444D-893A-D05C8AEBCC68}.Release|Any CPU.ActiveCfg = Release|Any CPU
		{AC9B9DFA-AA51-444D-893A-D05C8AEBCC68}.Release|Any CPU.Build.0 = Release|Any CPU
		{39DA52B2-3B12-4BE8-B4E2-D00A87570DD1}.Debug|Any CPU.ActiveCfg = Debug|Any CPU
		{39DA52B2-3B12-4BE8-B4E2-D00A87570DD1}.Debug|Any CPU.Build.0 = Debug|Any CPU
		{39DA52B2-3B12-4BE8-B4E2-D00A87570DD1}.Release|Any CPU.ActiveCfg = Release|Any CPU
		{39DA52B2-3B12-4BE8-B4E2-D00A87570DD1}.Release|Any CPU.Build.0 = Release|Any CPU
		{599697D3-8511-436A-8227-AF8965842FB6}.Debug|Any CPU.ActiveCfg = Debug|Any CPU
		{599697D3-8511-436A-8227-AF8965842FB6}.Debug|Any CPU.Build.0 = Debug|Any CPU
		{599697D3-8511-436A-8227-AF8965842FB6}.Release|Any CPU.ActiveCfg = Release|Any CPU
		{599697D3-8511-436A-8227-AF8965842FB6}.Release|Any CPU.Build.0 = Release|Any CPU
		{90C08B50-6715-4F9B-87B0-93A6722A94AB}.Debug|Any CPU.ActiveCfg = Debug|Any CPU
		{90C08B50-6715-4F9B-87B0-93A6722A94AB}.Debug|Any CPU.Build.0 = Debug|Any CPU
		{90C08B50-6715-4F9B-87B0-93A6722A94AB}.Release|Any CPU.ActiveCfg = Release|Any CPU
		{90C08B50-6715-4F9B-87B0-93A6722A94AB}.Release|Any CPU.Build.0 = Release|Any CPU
		{FFD39EAF-7656-40DC-B121-F8B4FFA38E38}.Debug|Any CPU.ActiveCfg = Debug|Any CPU
		{FFD39EAF-7656-40DC-B121-F8B4FFA38E38}.Debug|Any CPU.Build.0 = Debug|Any CPU
		{FFD39EAF-7656-40DC-B121-F8B4FFA38E38}.Release|Any CPU.ActiveCfg = Release|Any CPU
		{FFD39EAF-7656-40DC-B121-F8B4FFA38E38}.Release|Any CPU.Build.0 = Release|Any CPU
		{6E36555D-AF68-48F7-9121-4BAF8F1B2A68}.Debug|Any CPU.ActiveCfg = Debug|Any CPU
		{6E36555D-AF68-48F7-9121-4BAF8F1B2A68}.Debug|Any CPU.Build.0 = Debug|Any CPU
		{6E36555D-AF68-48F7-9121-4BAF8F1B2A68}.Release|Any CPU.ActiveCfg = Release|Any CPU
		{6E36555D-AF68-48F7-9121-4BAF8F1B2A68}.Release|Any CPU.Build.0 = Release|Any CPU
		{80FA032E-F7DB-4048-82EA-FBFA98E730DB}.Debug|Any CPU.ActiveCfg = Debug|Any CPU
		{80FA032E-F7DB-4048-82EA-FBFA98E730DB}.Debug|Any CPU.Build.0 = Debug|Any CPU
		{80FA032E-F7DB-4048-82EA-FBFA98E730DB}.Release|Any CPU.ActiveCfg = Release|Any CPU
		{80FA032E-F7DB-4048-82EA-FBFA98E730DB}.Release|Any CPU.Build.0 = Release|Any CPU
	EndGlobalSection
	GlobalSection(SolutionProperties) = preSolution
		HideSolutionNode = FALSE
	EndGlobalSection
	GlobalSection(ExtensibilityGlobals) = postSolution
		SolutionGuid = {27852A63-C71E-4F77-B256-8CAA25625BC0}
	EndGlobalSection
EndGlobal
